{
  "name": "bds.run",
  "version": "0.0.1",
  "lockfileVersion": 1,
  "requires": true,
  "dependencies": {
    "chartist": {
      "version": "0.9.5",
      "resolved": "https://registry.npmjs.org/chartist/-/chartist-0.9.5.tgz",
      "integrity": "sha1-olsZ/4H1D7A2fAzWfwnU4wPbEWs="
    },
    "html5-boilerplate": {
      "version": "5.3.0",
      "resolved": "https://registry.npmjs.org/html5-boilerplate/-/html5-boilerplate-5.3.0.tgz",
      "integrity": "sha1-a52YqpG81Yv8QfCjjF2kJC1kF1A="
    },
    "in-viewport": {
      "version": "3.6.0",
      "resolved": "https://registry.npmjs.org/in-viewport/-/in-viewport-3.6.0.tgz",
      "integrity": "sha512-MhaJ7Pr3NhUyAfpULysTZZBUAYfJAX1O8PccW2gvXlbQduMrJz7qQQ5yzC7SAr/0g5LbeRk432yNjsLMCnYzJg=="
    },
    "lazyloadjs": {
      "version": "3.2.2",
      "resolved": "https://registry.npmjs.org/lazyloadjs/-/lazyloadjs-3.2.2.tgz",
      "integrity": "sha1-1uqXrcQMvHuATKYtg4Vcc8hurbw=",
      "requires": {
        "in-viewport": "3.6.0"
      }
    }
  }
}
